
Microsoft Visual Studio Solution File, Format Version 12.00
# Visual Studio Version 17
VisualStudioVersion = 17.9.34728.123
MinimumVisualStudioVersion = 10.0.40219.1
Project("{2150E333-8FDC-42A3-9474-1A3956D46DE8}") = "Week-01", "Week-01", "{827CC724-7F08-4440-AAC9-16CDE1F56247}"
EndProject
Project("{2150E333-8FDC-42A3-9474-1A3956D46DE8}") = "Lessons", "Lessons", "{9376DB3D-C6AC-4435-8CBF-EF5792052015}"
EndProject
Project("{FAE04EC0-301F-11D3-BF4B-00C04F79EFBC}") = "Lesson01-HelloWorld", "Lesson01-HelloWorld\Lesson01-HelloWorld.csproj", "{D286A913-C827-438F-B922-EAB9D3ECBA19}"
EndProject
Project("{FAE04EC0-301F-11D3-BF4B-00C04F79EFBC}") = "Lesson02-Input&Output", "Lesson02-Input&Output\Lesson02-Input&Output.csproj", "{B6BA9CE0-5792-4CD0-9DA4-E05E2673685E}"
EndProject
Project("{2150E333-8FDC-42A3-9474-1A3956D46DE8}") = "Exercises", "Exercises", "{42C0D7C8-1CF4-492A-97D1-FEF21321431A}"
EndProject
Project("{FAE04EC0-301F-11D3-BF4B-00C04F79EFBC}") = "Ex01-EvenOdd", "Ex01-EvenOdd\Ex01-EvenOdd.csproj", "{04896531-4A48-4360-BE8E-EAAE85531005}"
EndProject
Project("{FAE04EC0-301F-11D3-BF4B-00C04F79EFBC}") = "Ex02-StudentGrades", "Ex02-StudentGrades\Ex02-StudentGrades.csproj", "{C6A16544-D07B-4BDF-9F9A-A1B07898E82C}"
EndProject
Project("{FAE04EC0-301F-11D3-BF4B-00C04F79EFBC}") = "Ex03-LegalAge", "Ex03-LegalAge\Ex03-LegalAge.csproj", "{BB84AE43-B578-4985-BDB9-2CBF8ACDED02}"
EndProject
Project("{FAE04EC0-301F-11D3-BF4B-00C04F79EFBC}") = "Ex04-LoopingEvenOdd", "Ex04-LoopingEvenOdd\Ex04-LoopingEvenOdd.csproj", "{D4E94F5A-E839-4057-BC1E-62A51ED27122}"
EndProject
Project("{FAE04EC0-301F-11D3-BF4B-00C04F79EFBC}") = "Ex05-Table", "Ex05-Table\Ex05-Table.csproj", "{0617FF23-936F-469E-B473-7BDB35F12D95}"
EndProject
Project("{FAE04EC0-301F-11D3-BF4B-00C04F79EFBC}") = "Ex06-PrimeNumber", "Ex06-PrimeNumber\Ex06-PrimeNumber.csproj", "{B368BDB7-3415-45DD-958F-CBE771D4A1E0}"
EndProject
Project("{FAE04EC0-301F-11D3-BF4B-00C04F79EFBC}") = "Ex07-AdultsAndMinors", "Ex07-AdultsAndMinors\Ex07-AdultsAndMinors.csproj", "{D9FFEBA8-B045-4A52-9D77-DBB7AAB7A024}"
EndProject
Project("{FAE04EC0-301F-11D3-BF4B-00C04F79EFBC}") = "Ex08-TriangleType", "Ex08-TriangleType\Ex08-TriangleType.csproj", "{C4D9DEDF-12F0-4FF0-826D-09A91F0C82AF}"
EndProject
Project("{FAE04EC0-301F-11D3-BF4B-00C04F79EFBC}") = "Ex09-Hypotenuse", "Ex09-Hypotenuse\Ex09-Hypotenuse.csproj", "{52097F72-2AC6-4EEC-A777-DC3BB805809C}"
EndProject
Project("{FAE04EC0-301F-11D3-BF4B-00C04F79EFBC}") = "Ex10-SalaryPercentage", "Ex10-SalaryPercentage\Ex10-SalaryPercentage.csproj", "{3B2DAF4D-B921-4FDD-A750-212A73A4C7F3}"
EndProject
Project("{FAE04EC0-301F-11D3-BF4B-00C04F79EFBC}") = "Ex11-BodyMassIndex", "Ex11-BodyMassIndex\Ex11-BodyMassIndex.csproj", "{6338CBF6-B830-45B8-A8AA-865AF45D39E3}"
EndProject
Project("{FAE04EC0-301F-11D3-BF4B-00C04F79EFBC}") = "Lesson05.Conditionals", "Lesson05.Conditionals\Lesson05.Conditionals.csproj", "{9B6554C2-CA5B-44FB-BE80-CF5BEC2B2B83}"
EndProject
Project("{FAE04EC0-301F-11D3-BF4B-00C04F79EFBC}") = "Lesson04.Operations", "Lesson04.Operations\Lesson04.Operations.csproj", "{885AFA36-78D9-498C-9A18-456F59DBE1F4}"
EndProject
Project("{FAE04EC0-301F-11D3-BF4B-00C04F79EFBC}") = "Lesson03.CalculateAge", "Lesson03.CalculateAge\Lesson03.CalculateAge.csproj", "{FB262746-3468-4B38-B834-034B0654509C}"
EndProject
Project("{FAE04EC0-301F-11D3-BF4B-00C04F79EFBC}") = "Lesson06.Loopings", "Lesson06.Loopings\Lesson06.Loopings.csproj", "{6F07637B-17D0-4DE2-A8D6-041AA704F2C9}"
EndProject
Global
	GlobalSection(SolutionConfigurationPlatforms) = preSolution
		Debug|Any CPU = Debug|Any CPU
		Release|Any CPU = Release|Any CPU
	EndGlobalSection
	GlobalSection(ProjectConfigurationPlatforms) = postSolution
		{D286A913-C827-438F-B922-EAB9D3ECBA19}.Debug|Any CPU.ActiveCfg = Debug|Any CPU
		{D286A913-C827-438F-B922-EAB9D3ECBA19}.Debug|Any CPU.Build.0 = Debug|Any CPU
		{D286A913-C827-438F-B922-EAB9D3ECBA19}.Release|Any CPU.ActiveCfg = Release|Any CPU
		{D286A913-C827-438F-B922-EAB9D3ECBA19}.Release|Any CPU.Build.0 = Release|Any CPU
		{B6BA9CE0-5792-4CD0-9DA4-E05E2673685E}.Debug|Any CPU.ActiveCfg = Debug|Any CPU
		{B6BA9CE0-5792-4CD0-9DA4-E05E2673685E}.Debug|Any CPU.Build.0 = Debug|Any CPU
		{B6BA9CE0-5792-4CD0-9DA4-E05E2673685E}.Release|Any CPU.ActiveCfg = Release|Any CPU
		{B6BA9CE0-5792-4CD0-9DA4-E05E2673685E}.Release|Any CPU.Build.0 = Release|Any CPU
		{04896531-4A48-4360-BE8E-EAAE85531005}.Debug|Any CPU.ActiveCfg = Debug|Any CPU
		{04896531-4A48-4360-BE8E-EAAE85531005}.Debug|Any CPU.Build.0 = Debug|Any CPU
		{04896531-4A48-4360-BE8E-EAAE85531005}.Release|Any CPU.ActiveCfg = Release|Any CPU
		{04896531-4A48-4360-BE8E-EAAE85531005}.Release|Any CPU.Build.0 = Release|Any CPU
		{C6A16544-D07B-4BDF-9F9A-A1B07898E82C}.Debug|Any CPU.ActiveCfg = Debug|Any CPU
		{C6A16544-D07B-4BDF-9F9A-A1B07898E82C}.Debug|Any CPU.Build.0 = Debug|Any CPU
		{C6A16544-D07B-4BDF-9F9A-A1B07898E82C}.Release|Any CPU.ActiveCfg = Release|Any CPU
		{C6A16544-D07B-4BDF-9F9A-A1B07898E82C}.Release|Any CPU.Build.0 = Release|Any CPU
		{BB84AE43-B578-4985-BDB9-2CBF8ACDED02}.Debug|Any CPU.ActiveCfg = Debug|Any CPU
		{BB84AE43-B578-4985-BDB9-2CBF8ACDED02}.Debug|Any CPU.Build.0 = Debug|Any CPU
		{BB84AE43-B578-4985-BDB9-2CBF8ACDED02}.Release|Any CPU.ActiveCfg = Release|Any CPU
		{BB84AE43-B578-4985-BDB9-2CBF8ACDED02}.Release|Any CPU.Build.0 = Release|Any CPU
		{D4E94F5A-E839-4057-BC1E-62A51ED27122}.Debug|Any CPU.ActiveCfg = Debug|Any CPU
		{D4E94F5A-E839-4057-BC1E-62A51ED27122}.Debug|Any CPU.Build.0 = Debug|Any CPU
		{D4E94F5A-E839-4057-BC1E-62A51ED27122}.Release|Any CPU.ActiveCfg = Release|Any CPU
		{D4E94F5A-E839-4057-BC1E-62A51ED27122}.Release|Any CPU.Build.0 = Release|Any CPU
		{0617FF23-936F-469E-B473-7BDB35F12D95}.Debug|Any CPU.ActiveCfg = Debug|Any CPU
		{0617FF23-936F-469E-B473-7BDB35F12D95}.Debug|Any CPU.Build.0 = Debug|Any CPU
		{0617FF23-936F-469E-B473-7BDB35F12D95}.Release|Any CPU.ActiveCfg = Release|Any CPU
		{0617FF23-936F-469E-B473-7BDB35F12D95}.Release|Any CPU.Build.0 = Release|Any CPU
		{B368BDB7-3415-45DD-958F-CBE771D4A1E0}.Debug|Any CPU.ActiveCfg = Debug|Any CPU
		{B368BDB7-3415-45DD-958F-CBE771D4A1E0}.Debug|Any CPU.Build.0 = Debug|Any CPU
		{B368BDB7-3415-45DD-958F-CBE771D4A1E0}.Release|Any CPU.ActiveCfg = Release|Any CPU
		{B368BDB7-3415-45DD-958F-CBE771D4A1E0}.Release|Any CPU.Build.0 = Release|Any CPU
		{D9FFEBA8-B045-4A52-9D77-DBB7AAB7A024}.Debug|Any CPU.ActiveCfg = Debug|Any CPU
		{D9FFEBA8-B045-4A52-9D77-DBB7AAB7A024}.Debug|Any CPU.Build.0 = Debug|Any CPU
		{D9FFEBA8-B045-4A52-9D77-DBB7AAB7A024}.Release|Any CPU.ActiveCfg = Release|Any CPU
		{D9FFEBA8-B045-4A52-9D77-DBB7AAB7A024}.Release|Any CPU.Build.0 = Release|Any CPU
		{C4D9DEDF-12F0-4FF0-826D-09A91F0C82AF}.Debug|Any CPU.ActiveCfg = Debug|Any CPU
		{C4D9DEDF-12F0-4FF0-826D-09A91F0C82AF}.Debug|Any CPU.Build.0 = Debug|Any CPU
		{C4D9DEDF-12F0-4FF0-826D-09A91F0C82AF}.Release|Any CPU.ActiveCfg = Release|Any CPU
		{C4D9DEDF-12F0-4FF0-826D-09A91F0C82AF}.Release|Any CPU.Build.0 = Release|Any CPU
		{52097F72-2AC6-4EEC-A777-DC3BB805809C}.Debug|Any CPU.ActiveCfg = Debug|Any CPU
		{52097F72-2AC6-4EEC-A777-DC3BB805809C}.Debug|Any CPU.Build.0 = Debug|Any CPU
		{52097F72-2AC6-4EEC-A777-DC3BB805809C}.Release|Any CPU.ActiveCfg = Release|Any CPU
		{52097F72-2AC6-4EEC-A777-DC3BB805809C}.Release|Any CPU.Build.0 = Release|Any CPU
		{3B2DAF4D-B921-4FDD-A750-212A73A4C7F3}.Debug|Any CPU.ActiveCfg = Debug|Any CPU
		{3B2DAF4D-B921-4FDD-A750-212A73A4C7F3}.Debug|Any CPU.Build.0 = Debug|Any CPU
		{3B2DAF4D-B921-4FDD-A750-212A73A4C7F3}.Release|Any CPU.ActiveCfg = Release|Any CPU
		{3B2DAF4D-B921-4FDD-A750-212A73A4C7F3}.Release|Any CPU.Build.0 = Release|Any CPU
		{6338CBF6-B830-45B8-A8AA-865AF45D39E3}.Debug|Any CPU.ActiveCfg = Debug|Any CPU
		{6338CBF6-B830-45B8-A8AA-865AF45D39E3}.Debug|Any CPU.Build.0 = Debug|Any CPU
		{6338CBF6-B830-45B8-A8AA-865AF45D39E3}.Release|Any CPU.ActiveCfg = Release|Any CPU
		{6338CBF6-B830-45B8-A8AA-865AF45D39E3}.Release|Any CPU.Build.0 = Release|Any CPU
		{9B6554C2-CA5B-44FB-BE80-CF5BEC2B2B83}.Debug|Any CPU.ActiveCfg = Debug|Any CPU
		{9B6554C2-CA5B-44FB-BE80-CF5BEC2B2B83}.Debug|Any CPU.Build.0 = Debug|Any CPU
		{9B6554C2-CA5B-44FB-BE80-CF5BEC2B2B83}.Release|Any CPU.ActiveCfg = Release|Any CPU
		{9B6554C2-CA5B-44FB-BE80-CF5BEC2B2B83}.Release|Any CPU.Build.0 = Release|Any CPU
		{885AFA36-78D9-498C-9A18-456F59DBE1F4}.Debug|Any CPU.ActiveCfg = Debug|Any CPU
		{885AFA36-78D9-498C-9A18-456F59DBE1F4}.Debug|Any CPU.Build.0 = Debug|Any CPU
		{885AFA36-78D9-498C-9A18-456F59DBE1F4}.Release|Any CPU.ActiveCfg = Release|Any CPU
		{885AFA36-78D9-498C-9A18-456F59DBE1F4}.Release|Any CPU.Build.0 = Release|Any CPU
		{FB262746-3468-4B38-B834-034B0654509C}.Debug|Any CPU.ActiveCfg = Debug|Any CPU
		{FB262746-3468-4B38-B834-034B0654509C}.Debug|Any CPU.Build.0 = Debug|Any CPU
		{FB262746-3468-4B38-B834-034B0654509C}.Release|Any CPU.ActiveCfg = Release|Any CPU
		{FB262746-3468-4B38-B834-034B0654509C}.Release|Any CPU.Build.0 = Release|Any CPU
		{6F07637B-17D0-4DE2-A8D6-041AA704F2C9}.Debug|Any CPU.ActiveCfg = Debug|Any CPU
		{6F07637B-17D0-4DE2-A8D6-041AA704F2C9}.Debug|Any CPU.Build.0 = Debug|Any CPU
		{6F07637B-17D0-4DE2-A8D6-041AA704F2C9}.Release|Any CPU.ActiveCfg = Release|Any CPU
		{6F07637B-17D0-4DE2-A8D6-041AA704F2C9}.Release|Any CPU.Build.0 = Release|Any CPU
	EndGlobalSection
	GlobalSection(SolutionProperties) = preSolution
		HideSolutionNode = FALSE
	EndGlobalSection
	GlobalSection(NestedProjects) = preSolution
		{9376DB3D-C6AC-4435-8CBF-EF5792052015} = {827CC724-7F08-4440-AAC9-16CDE1F56247}
		{D286A913-C827-438F-B922-EAB9D3ECBA19} = {9376DB3D-C6AC-4435-8CBF-EF5792052015}
		{B6BA9CE0-5792-4CD0-9DA4-E05E2673685E} = {9376DB3D-C6AC-4435-8CBF-EF5792052015}
		{42C0D7C8-1CF4-492A-97D1-FEF21321431A} = {827CC724-7F08-4440-AAC9-16CDE1F56247}
		{04896531-4A48-4360-BE8E-EAAE85531005} = {42C0D7C8-1CF4-492A-97D1-FEF21321431A}
		{C6A16544-D07B-4BDF-9F9A-A1B07898E82C} = {42C0D7C8-1CF4-492A-97D1-FEF21321431A}
		{BB84AE43-B578-4985-BDB9-2CBF8ACDED02} = {42C0D7C8-1CF4-492A-97D1-FEF21321431A}
		{D4E94F5A-E839-4057-BC1E-62A51ED27122} = {42C0D7C8-1CF4-492A-97D1-FEF21321431A}
		{0617FF23-936F-469E-B473-7BDB35F12D95} = {42C0D7C8-1CF4-492A-97D1-FEF21321431A}
		{B368BDB7-3415-45DD-958F-CBE771D4A1E0} = {42C0D7C8-1CF4-492A-97D1-FEF21321431A}
		{D9FFEBA8-B045-4A52-9D77-DBB7AAB7A024} = {42C0D7C8-1CF4-492A-97D1-FEF21321431A}
		{C4D9DEDF-12F0-4FF0-826D-09A91F0C82AF} = {42C0D7C8-1CF4-492A-97D1-FEF21321431A}
		{52097F72-2AC6-4EEC-A777-DC3BB805809C} = {42C0D7C8-1CF4-492A-97D1-FEF21321431A}
		{3B2DAF4D-B921-4FDD-A750-212A73A4C7F3} = {42C0D7C8-1CF4-492A-97D1-FEF21321431A}
		{6338CBF6-B830-45B8-A8AA-865AF45D39E3} = {42C0D7C8-1CF4-492A-97D1-FEF21321431A}
		{9B6554C2-CA5B-44FB-BE80-CF5BEC2B2B83} = {9376DB3D-C6AC-4435-8CBF-EF5792052015}
		{885AFA36-78D9-498C-9A18-456F59DBE1F4} = {9376DB3D-C6AC-4435-8CBF-EF5792052015}
		{FB262746-3468-4B38-B834-034B0654509C} = {9376DB3D-C6AC-4435-8CBF-EF5792052015}
		{6F07637B-17D0-4DE2-A8D6-041AA704F2C9} = {9376DB3D-C6AC-4435-8CBF-EF5792052015}
	EndGlobalSection
	GlobalSection(ExtensibilityGlobals) = postSolution
		SolutionGuid = {84A776AD-5CD1-4264-96E1-055F2EE0A432}
	EndGlobalSection
EndGlobal
