
Microsoft Visual Studio Solution File, Format Version 12.00
# Visual Studio Version 17
VisualStudioVersion = 17.9.34728.123
MinimumVisualStudioVersion = 10.0.40219.1
Project("{2150E333-8FDC-42A3-9474-1A3956D46DE8}") = "Week-01", "Week-01", "{827CC724-7F08-4440-AAC9-16CDE1F56247}"
EndProject
Project("{2150E333-8FDC-42A3-9474-1A3956D46DE8}") = "Lessons", "Lessons", "{9376DB3D-C6AC-4435-8CBF-EF5792052015}"
EndProject
Project("{9A19103F-16F7-4668-BE54-9A1E7A4F7556}") = "Lesson01-HelloWorld", "Lesson01-HelloWorld\Lesson01-HelloWorld.csproj", "{D286A913-C827-438F-B922-EAB9D3ECBA19}"
EndProject
Project("{9A19103F-16F7-4668-BE54-9A1E7A4F7556}") = "Lesson02-Input&Output", "Lesson02-Input&Output\Lesson02-Input&Output.csproj", "{B6BA9CE0-5792-4CD0-9DA4-E05E2673685E}"
EndProject
Project("{2150E333-8FDC-42A3-9474-1A3956D46DE8}") = "Exercises", "Exercises", "{42C0D7C8-1CF4-492A-97D1-FEF21321431A}"
EndProject
Project("{9A19103F-16F7-4668-BE54-9A1E7A4F7556}") = "Ex01-EvenOdd", "Ex01-EvenOdd\Ex01-EvenOdd.csproj", "{04896531-4A48-4360-BE8E-EAAE85531005}"
EndProject
Project("{9A19103F-16F7-4668-BE54-9A1E7A4F7556}") = "Ex02-StudentGrades", "Ex02-StudentGrades\Ex02-StudentGrades.csproj", "{C6A16544-D07B-4BDF-9F9A-A1B07898E82C}"
EndProject
Project("{9A19103F-16F7-4668-BE54-9A1E7A4F7556}") = "Ex03-LegalAge", "Ex03-LegalAge\Ex03-LegalAge.csproj", "{BB84AE43-B578-4985-BDB9-2CBF8ACDED02}"
EndProject
Project("{9A19103F-16F7-4668-BE54-9A1E7A4F7556}") = "Ex04-LoopingEvenOdd", "Ex04-LoopingEvenOdd\Ex04-LoopingEvenOdd.csproj", "{D4E94F5A-E839-4057-BC1E-62A51ED27122}"
EndProject
Project("{9A19103F-16F7-4668-BE54-9A1E7A4F7556}") = "Ex05-Table", "Ex05-Table\Ex05-Table.csproj", "{0617FF23-936F-469E-B473-7BDB35F12D95}"
EndProject
Project("{9A19103F-16F7-4668-BE54-9A1E7A4F7556}") = "Ex06-PrimeNumber", "Ex06-PrimeNumber\Ex06-PrimeNumber.csproj", "{B368BDB7-3415-45DD-958F-CBE771D4A1E0}"
EndProject
Project("{9A19103F-16F7-4668-BE54-9A1E7A4F7556}") = "Ex07-AdultsAndMinors", "Ex07-AdultsAndMinors\Ex07-AdultsAndMinors.csproj", "{D9FFEBA8-B045-4A52-9D77-DBB7AAB7A024}"
EndProject
Project("{9A19103F-16F7-4668-BE54-9A1E7A4F7556}") = "Ex08-TriangleType", "Ex08-TriangleType\Ex08-TriangleType.csproj", "{C4D9DEDF-12F0-4FF0-826D-09A91F0C82AF}"
EndProject
Project("{9A19103F-16F7-4668-BE54-9A1E7A4F7556}") = "Ex09-Hypotenuse", "Ex09-Hypotenuse\Ex09-Hypotenuse.csproj", "{52097F72-2AC6-4EEC-A777-DC3BB805809C}"
EndProject
Project("{9A19103F-16F7-4668-BE54-9A1E7A4F7556}") = "Ex10-SalaryPercentage", "Ex10-SalaryPercentage\Ex10-SalaryPercentage.csproj", "{3B2DAF4D-B921-4FDD-A750-212A73A4C7F3}"
EndProject
Project("{9A19103F-16F7-4668-BE54-9A1E7A4F7556}") = "Ex11-BodyMassIndex", "Ex11-BodyMassIndex\Ex11-BodyMassIndex.csproj", "{6338CBF6-B830-45B8-A8AA-865AF45D39E3}"
EndProject
Project("{2150E333-8FDC-42A3-9474-1A3956D46DE8}") = "Week-02", "Week-02", "{62F42B10-941E-4C22-82AB-E943DB4402CA}"
EndProject
Project("{2150E333-8FDC-42A3-9474-1A3956D46DE8}") = "Exercises", "Exercises", "{D967382C-D8F8-4849-B130-215F9A702A76}"
EndProject
Project("{2150E333-8FDC-42A3-9474-1A3956D46DE8}") = "Lessons", "Lessons", "{A3798908-8D4E-4999-BEBF-0007EF69A22C}"
EndProject
Project("{9A19103F-16F7-4668-BE54-9A1E7A4F7556}") = "Ex12-5by5-SimpleSort", "Ex12-5by5-SimpleSort\Ex12-5by5-SimpleSort.csproj", "{D11B81A8-4F10-4AAD-9D90-DB0852D21C48}"
EndProject
Project("{9A19103F-16F7-4668-BE54-9A1E7A4F7556}") = "Ex13-5by5-ReversedUniqueSort", "Ex13-5by5-ReversedUniqueSort\Ex13-5by5-ReversedUniqueSort.csproj", "{5A09A6FC-976F-41E5-A926-CB7C50B742D7}"
EndProject
Project("{9A19103F-16F7-4668-BE54-9A1E7A4F7556}") = "Ex14-5by5-MegaSena", "Ex14-5by5-MegaSena\Ex14-5by5-MegaSena.csproj", "{A9A62734-2D16-4DA7-96B2-7A9AA399BD17}"
EndProject
Project("{9A19103F-16F7-4668-BE54-9A1E7A4F7556}") = "Ex15-5by5-MatrixOperations", "Ex15-5by5-MatrixOperations\Ex15-5by5-MatrixOperations.csproj", "{A774407D-FC53-4E4F-B054-14BFC38A8382}"
EndProject
Project("{9A19103F-16F7-4668-BE54-9A1E7A4F7556}") = "Ex16-5by5-MatrixRowSums", "Ex16-5by5-MatrixRowSums\Ex16-5by5-MatrixRowSums.csproj", "{846DC0F0-BCBA-442E-9306-65C665CDDD12}"
EndProject
Project("{9A19103F-16F7-4668-BE54-9A1E7A4F7556}") = "Lesson03-CalculateAge", "Lesson03-CalculateAge\Lesson03-CalculateAge.csproj", "{AEF3B65F-F03A-49E7-A1E0-804B8176770B}"
EndProject
Project("{9A19103F-16F7-4668-BE54-9A1E7A4F7556}") = "Lesson04-Operations", "Lesson04-Operations\Lesson04-Operations.csproj", "{955A5EBF-EDE3-490A-B71C-6F7EA268B857}"
EndProject
Project("{9A19103F-16F7-4668-BE54-9A1E7A4F7556}") = "Lesson05-Conditionals", "Lesson05-Conditionals\Lesson05-Conditionals.csproj", "{18E66152-DC38-4C23-AB58-C4B05A2A52EA}"
EndProject
Project("{9A19103F-16F7-4668-BE54-9A1E7A4F7556}") = "Lesson06-Loopings", "Lesson06-Loopings\Lesson06-Loopings.csproj", "{BCF7929D-2CDB-4283-ABCD-ADAB26699C09}"
EndProject
Project("{9A19103F-16F7-4668-BE54-9A1E7A4F7556}") = "Lesson08-Vectors", "Lesson08-Vectors\Lesson08-Vectors.csproj", "{2F995281-1C4B-4794-A606-E82775DCE1E6}"
EndProject
Project("{9A19103F-16F7-4668-BE54-9A1E7A4F7556}") = "Lesson09-Sorts", "Lesson09-Sorts\Lesson09-Sorts.csproj", "{9B893D12-ED3D-4F5B-A5AF-F4FE4394074E}"
EndProject
Project("{9A19103F-16F7-4668-BE54-9A1E7A4F7556}") = "Lesson10-Matrix", "Lesson10-Matrix\Lesson10-Matrix.csproj", "{9467B3C9-6F2B-408A-9727-084A3B7CD09A}"
EndProject
Project("{9A19103F-16F7-4668-BE54-9A1E7A4F7556}") = "Lesson11-Functions", "Lesson11-Functions\Lesson11-Functions.csproj", "{6AE593BA-4F7F-47B4-A0B3-B75EDAAA7821}"
EndProject
Project("{9A19103F-16F7-4668-BE54-9A1E7A4F7556}") = "Lesson07-SwitchCase", "Lesson07-SwitchCase\Lesson07-SwitchCase.csproj", "{490DE8F2-E679-4A50-9BE2-25679E68A611}"
EndProject
Project("{9A19103F-16F7-4668-BE54-9A1E7A4F7556}") = "Week-2-BingoGame", "Week-2-BingoGame\Week-2-BingoGame.csproj", "{1F7B7EDF-29DB-4611-8F0D-BFDE57E85B34}"
EndProject
Project("{2150E333-8FDC-42A3-9474-1A3956D46DE8}") = "Week-03", "Week-03", "{FFF0828E-6AFA-43D3-A62A-A03654184CB4}"
EndProject
Project("{2150E333-8FDC-42A3-9474-1A3956D46DE8}") = "Exercises", "Exercises", "{42B80275-E823-4A8B-A722-EE9488E53732}"
EndProject
Project("{2150E333-8FDC-42A3-9474-1A3956D46DE8}") = "Lessons", "Lessons", "{23935B36-8D12-4FD4-BFE6-A3D78997BFE7}"
EndProject
Project("{9A19103F-16F7-4668-BE54-9A1E7A4F7556}") = "Lesson13-Inheritance", "Lesson13-Inheritance\Lesson13-Inheritance.csproj", "{5F7B4E98-4678-40ED-B05B-3B4204C31578}"
EndProject
Project("{9A19103F-16F7-4668-BE54-9A1E7A4F7556}") = "Lesson12-Class&Object", "Lesson12-Class&Object\Lesson12-Class&Object.csproj", "{DC0C9954-B044-45B5-BC96-0AD408FDA62D}"
EndProject
Project("{9A19103F-16F7-4668-BE54-9A1E7A4F7556}") = "Ex17-BookShelf", "Ex17-BookShelf\Ex17-BookShelf.csproj", "{E0E29891-FBEC-4ACE-A740-5323D0DC49A8}"
EndProject
Project("{9A19103F-16F7-4668-BE54-9A1E7A4F7556}") = "Lesson14-Encapsulation", "Lesson14-Encapsulation\Lesson14-Encapsulation.csproj", "{4C66AD5F-D77E-4C2A-8BAE-8A6AEC71E68A}"
EndProject
Project("{9A19103F-16F7-4668-BE54-9A1E7A4F7556}") = "Lesson15-Chaining", "Lesson15-Chaining\Lesson15-Chaining.csproj", "{BBFD06E4-5FF8-41E1-8455-EAC7D9A9084C}"
EndProject
Project("{9A19103F-16F7-4668-BE54-9A1E7A4F7556}") = "Lesson16-DynamicStack", "Lesson16-DynamicStack\Lesson16-DynamicStack.csproj", "{C849E92E-D877-4643-A090-D5F7787FCD8B}"
EndProject
Project("{9A19103F-16F7-4668-BE54-9A1E7A4F7556}") = "Lesson18-DynamicList", "Lesson18-DynamicList\Lesson18-DynamicList.csproj", "{6CB352AA-1939-4511-9DDA-407CF1F7F0DE}"
EndProject
Project("{9A19103F-16F7-4668-BE54-9A1E7A4F7556}") = "Lesson17-DynamicQueue", "Lesson17-DynamicQueue\Lesson17-DynamicQueue.csproj", "{58D1E7BC-4E0A-4EDA-B650-AD73FF64E359}"
EndProject
Project("{9A19103F-16F7-4668-BE54-9A1E7A4F7556}") = "Ex18-IntegerStackOperations", "Ex18-IntegerStackOperations\Ex18-IntegerStackOperations.csproj", "{28FFD600-AFD2-48DF-9267-9C32F52CBE66}"
EndProject
Project("{9A19103F-16F7-4668-BE54-9A1E7A4F7556}") = "Ex19-IntegerQueueOperations", "Ex19-IntegerQueueOperations\Ex19-IntegerQueueOperations.csproj", "{7879D158-5910-453F-95C1-9186F7F7D70D}"
EndProject
Project("{9A19103F-16F7-4668-BE54-9A1E7A4F7556}") = "Ex20-FibonacciStack", "Ex20-FibonacciStack\Ex20-FibonacciStack.csproj", "{1E4FB100-C8B9-4A61-AD57-8399CD1FB43E}"
EndProject
Project("{9A19103F-16F7-4668-BE54-9A1E7A4F7556}") = "Ex21-FibonacciQueue", "Ex21-FibonacciQueue\Ex21-FibonacciQueue.csproj", "{79E67F55-4998-465A-B4E8-E3E6EAF09B3F}"
EndProject
Project("{9A19103F-16F7-4668-BE54-9A1E7A4F7556}") = "Ex22-StackQueueReport", "Ex22-StackQueueReport\Ex22-StackQueueReport.csproj", "{50685F08-C730-44BB-9FB8-E4449C31077D}"
EndProject
Project("{9A19103F-16F7-4668-BE54-9A1E7A4F7556}") = "Ex23-StudentsGrades", "Ex23-StudentsGrades\Ex23-StudentsGrades.csproj", "{4AA7453D-B409-4ADA-A03F-39FFA4251C7C}"
EndProject
Project("{9A19103F-16F7-4668-BE54-9A1E7A4F7556}") = "Ex24-AgeInLeapYears", "Ex24-AgeInLeapYears\Ex24-AgeInLeapYears.csproj", "{19CCF3B6-BB3F-4AAA-8D15-91E5442E7B39}"
EndProject
Project("{2150E333-8FDC-42A3-9474-1A3956D46DE8}") = "Week-04", "Week-04", "{307BDB6C-77D5-4211-9114-FD0F32D8D974}"
EndProject
Project("{2150E333-8FDC-42A3-9474-1A3956D46DE8}") = "Exercises", "Exercises", "{53C4BF1B-BA5C-4891-BC2F-36ECD6572FA7}"
EndProject
Project("{2150E333-8FDC-42A3-9474-1A3956D46DE8}") = "Lessons", "Lessons", "{0F3B81C2-CD3F-4794-B278-CFB26A0CF4AF}"
EndProject
Project("{FAE04EC0-301F-11D3-BF4B-00C04F79EFBC}") = "Lesson19-SimplyThreadedList", "Lesson19-SimplyThreadedList\Lesson19-SimplyThreadedList.csproj", "{EC3717A0-9634-4381-B6E8-604D62C76A2C}"
EndProject
Project("{FAE04EC0-301F-11D3-BF4B-00C04F79EFBC}") = "Ex25-PhoneBook", "Ex25-PhoneBook\Ex25-PhoneBook.csproj", "{29EBD914-49A2-40B6-8511-B168D0B17B93}"
EndProject
Global
	GlobalSection(SolutionConfigurationPlatforms) = preSolution
		Debug|Any CPU = Debug|Any CPU
		Release|Any CPU = Release|Any CPU
	EndGlobalSection
	GlobalSection(ProjectConfigurationPlatforms) = postSolution
		{D286A913-C827-438F-B922-EAB9D3ECBA19}.Debug|Any CPU.ActiveCfg = Debug|Any CPU
		{D286A913-C827-438F-B922-EAB9D3ECBA19}.Debug|Any CPU.Build.0 = Debug|Any CPU
		{D286A913-C827-438F-B922-EAB9D3ECBA19}.Release|Any CPU.ActiveCfg = Release|Any CPU
		{D286A913-C827-438F-B922-EAB9D3ECBA19}.Release|Any CPU.Build.0 = Release|Any CPU
		{B6BA9CE0-5792-4CD0-9DA4-E05E2673685E}.Debug|Any CPU.ActiveCfg = Debug|Any CPU
		{B6BA9CE0-5792-4CD0-9DA4-E05E2673685E}.Debug|Any CPU.Build.0 = Debug|Any CPU
		{B6BA9CE0-5792-4CD0-9DA4-E05E2673685E}.Release|Any CPU.ActiveCfg = Release|Any CPU
		{B6BA9CE0-5792-4CD0-9DA4-E05E2673685E}.Release|Any CPU.Build.0 = Release|Any CPU
		{04896531-4A48-4360-BE8E-EAAE85531005}.Debug|Any CPU.ActiveCfg = Debug|Any CPU
		{04896531-4A48-4360-BE8E-EAAE85531005}.Debug|Any CPU.Build.0 = Debug|Any CPU
		{04896531-4A48-4360-BE8E-EAAE85531005}.Release|Any CPU.ActiveCfg = Release|Any CPU
		{04896531-4A48-4360-BE8E-EAAE85531005}.Release|Any CPU.Build.0 = Release|Any CPU
		{C6A16544-D07B-4BDF-9F9A-A1B07898E82C}.Debug|Any CPU.ActiveCfg = Debug|Any CPU
		{C6A16544-D07B-4BDF-9F9A-A1B07898E82C}.Debug|Any CPU.Build.0 = Debug|Any CPU
		{C6A16544-D07B-4BDF-9F9A-A1B07898E82C}.Release|Any CPU.ActiveCfg = Release|Any CPU
		{C6A16544-D07B-4BDF-9F9A-A1B07898E82C}.Release|Any CPU.Build.0 = Release|Any CPU
		{BB84AE43-B578-4985-BDB9-2CBF8ACDED02}.Debug|Any CPU.ActiveCfg = Debug|Any CPU
		{BB84AE43-B578-4985-BDB9-2CBF8ACDED02}.Debug|Any CPU.Build.0 = Debug|Any CPU
		{BB84AE43-B578-4985-BDB9-2CBF8ACDED02}.Release|Any CPU.ActiveCfg = Release|Any CPU
		{BB84AE43-B578-4985-BDB9-2CBF8ACDED02}.Release|Any CPU.Build.0 = Release|Any CPU
		{D4E94F5A-E839-4057-BC1E-62A51ED27122}.Debug|Any CPU.ActiveCfg = Debug|Any CPU
		{D4E94F5A-E839-4057-BC1E-62A51ED27122}.Debug|Any CPU.Build.0 = Debug|Any CPU
		{D4E94F5A-E839-4057-BC1E-62A51ED27122}.Release|Any CPU.ActiveCfg = Release|Any CPU
		{D4E94F5A-E839-4057-BC1E-62A51ED27122}.Release|Any CPU.Build.0 = Release|Any CPU
		{0617FF23-936F-469E-B473-7BDB35F12D95}.Debug|Any CPU.ActiveCfg = Debug|Any CPU
		{0617FF23-936F-469E-B473-7BDB35F12D95}.Debug|Any CPU.Build.0 = Debug|Any CPU
		{0617FF23-936F-469E-B473-7BDB35F12D95}.Release|Any CPU.ActiveCfg = Release|Any CPU
		{0617FF23-936F-469E-B473-7BDB35F12D95}.Release|Any CPU.Build.0 = Release|Any CPU
		{B368BDB7-3415-45DD-958F-CBE771D4A1E0}.Debug|Any CPU.ActiveCfg = Debug|Any CPU
		{B368BDB7-3415-45DD-958F-CBE771D4A1E0}.Debug|Any CPU.Build.0 = Debug|Any CPU
		{B368BDB7-3415-45DD-958F-CBE771D4A1E0}.Release|Any CPU.ActiveCfg = Release|Any CPU
		{B368BDB7-3415-45DD-958F-CBE771D4A1E0}.Release|Any CPU.Build.0 = Release|Any CPU
		{D9FFEBA8-B045-4A52-9D77-DBB7AAB7A024}.Debug|Any CPU.ActiveCfg = Debug|Any CPU
		{D9FFEBA8-B045-4A52-9D77-DBB7AAB7A024}.Debug|Any CPU.Build.0 = Debug|Any CPU
		{D9FFEBA8-B045-4A52-9D77-DBB7AAB7A024}.Release|Any CPU.ActiveCfg = Release|Any CPU
		{D9FFEBA8-B045-4A52-9D77-DBB7AAB7A024}.Release|Any CPU.Build.0 = Release|Any CPU
		{C4D9DEDF-12F0-4FF0-826D-09A91F0C82AF}.Debug|Any CPU.ActiveCfg = Debug|Any CPU
		{C4D9DEDF-12F0-4FF0-826D-09A91F0C82AF}.Debug|Any CPU.Build.0 = Debug|Any CPU
		{C4D9DEDF-12F0-4FF0-826D-09A91F0C82AF}.Release|Any CPU.ActiveCfg = Release|Any CPU
		{C4D9DEDF-12F0-4FF0-826D-09A91F0C82AF}.Release|Any CPU.Build.0 = Release|Any CPU
		{52097F72-2AC6-4EEC-A777-DC3BB805809C}.Debug|Any CPU.ActiveCfg = Debug|Any CPU
		{52097F72-2AC6-4EEC-A777-DC3BB805809C}.Debug|Any CPU.Build.0 = Debug|Any CPU
		{52097F72-2AC6-4EEC-A777-DC3BB805809C}.Release|Any CPU.ActiveCfg = Release|Any CPU
		{52097F72-2AC6-4EEC-A777-DC3BB805809C}.Release|Any CPU.Build.0 = Release|Any CPU
		{3B2DAF4D-B921-4FDD-A750-212A73A4C7F3}.Debug|Any CPU.ActiveCfg = Debug|Any CPU
		{3B2DAF4D-B921-4FDD-A750-212A73A4C7F3}.Debug|Any CPU.Build.0 = Debug|Any CPU
		{3B2DAF4D-B921-4FDD-A750-212A73A4C7F3}.Release|Any CPU.ActiveCfg = Release|Any CPU
		{3B2DAF4D-B921-4FDD-A750-212A73A4C7F3}.Release|Any CPU.Build.0 = Release|Any CPU
		{6338CBF6-B830-45B8-A8AA-865AF45D39E3}.Debug|Any CPU.ActiveCfg = Debug|Any CPU
		{6338CBF6-B830-45B8-A8AA-865AF45D39E3}.Debug|Any CPU.Build.0 = Debug|Any CPU
		{6338CBF6-B830-45B8-A8AA-865AF45D39E3}.Release|Any CPU.ActiveCfg = Release|Any CPU
		{6338CBF6-B830-45B8-A8AA-865AF45D39E3}.Release|Any CPU.Build.0 = Release|Any CPU
		{D11B81A8-4F10-4AAD-9D90-DB0852D21C48}.Debug|Any CPU.ActiveCfg = Debug|Any CPU
		{D11B81A8-4F10-4AAD-9D90-DB0852D21C48}.Debug|Any CPU.Build.0 = Debug|Any CPU
		{D11B81A8-4F10-4AAD-9D90-DB0852D21C48}.Release|Any CPU.ActiveCfg = Release|Any CPU
		{D11B81A8-4F10-4AAD-9D90-DB0852D21C48}.Release|Any CPU.Build.0 = Release|Any CPU
		{5A09A6FC-976F-41E5-A926-CB7C50B742D7}.Debug|Any CPU.ActiveCfg = Debug|Any CPU
		{5A09A6FC-976F-41E5-A926-CB7C50B742D7}.Debug|Any CPU.Build.0 = Debug|Any CPU
		{5A09A6FC-976F-41E5-A926-CB7C50B742D7}.Release|Any CPU.ActiveCfg = Release|Any CPU
		{5A09A6FC-976F-41E5-A926-CB7C50B742D7}.Release|Any CPU.Build.0 = Release|Any CPU
		{A9A62734-2D16-4DA7-96B2-7A9AA399BD17}.Debug|Any CPU.ActiveCfg = Debug|Any CPU
		{A9A62734-2D16-4DA7-96B2-7A9AA399BD17}.Debug|Any CPU.Build.0 = Debug|Any CPU
		{A9A62734-2D16-4DA7-96B2-7A9AA399BD17}.Release|Any CPU.ActiveCfg = Release|Any CPU
		{A9A62734-2D16-4DA7-96B2-7A9AA399BD17}.Release|Any CPU.Build.0 = Release|Any CPU
		{A774407D-FC53-4E4F-B054-14BFC38A8382}.Debug|Any CPU.ActiveCfg = Debug|Any CPU
		{A774407D-FC53-4E4F-B054-14BFC38A8382}.Debug|Any CPU.Build.0 = Debug|Any CPU
		{A774407D-FC53-4E4F-B054-14BFC38A8382}.Release|Any CPU.ActiveCfg = Release|Any CPU
		{A774407D-FC53-4E4F-B054-14BFC38A8382}.Release|Any CPU.Build.0 = Release|Any CPU
		{846DC0F0-BCBA-442E-9306-65C665CDDD12}.Debug|Any CPU.ActiveCfg = Debug|Any CPU
		{846DC0F0-BCBA-442E-9306-65C665CDDD12}.Debug|Any CPU.Build.0 = Debug|Any CPU
		{846DC0F0-BCBA-442E-9306-65C665CDDD12}.Release|Any CPU.ActiveCfg = Release|Any CPU
		{846DC0F0-BCBA-442E-9306-65C665CDDD12}.Release|Any CPU.Build.0 = Release|Any CPU
		{AEF3B65F-F03A-49E7-A1E0-804B8176770B}.Debug|Any CPU.ActiveCfg = Debug|Any CPU
		{AEF3B65F-F03A-49E7-A1E0-804B8176770B}.Debug|Any CPU.Build.0 = Debug|Any CPU
		{AEF3B65F-F03A-49E7-A1E0-804B8176770B}.Release|Any CPU.ActiveCfg = Release|Any CPU
		{AEF3B65F-F03A-49E7-A1E0-804B8176770B}.Release|Any CPU.Build.0 = Release|Any CPU
		{955A5EBF-EDE3-490A-B71C-6F7EA268B857}.Debug|Any CPU.ActiveCfg = Debug|Any CPU
		{955A5EBF-EDE3-490A-B71C-6F7EA268B857}.Debug|Any CPU.Build.0 = Debug|Any CPU
		{955A5EBF-EDE3-490A-B71C-6F7EA268B857}.Release|Any CPU.ActiveCfg = Release|Any CPU
		{955A5EBF-EDE3-490A-B71C-6F7EA268B857}.Release|Any CPU.Build.0 = Release|Any CPU
		{18E66152-DC38-4C23-AB58-C4B05A2A52EA}.Debug|Any CPU.ActiveCfg = Debug|Any CPU
		{18E66152-DC38-4C23-AB58-C4B05A2A52EA}.Debug|Any CPU.Build.0 = Debug|Any CPU
		{18E66152-DC38-4C23-AB58-C4B05A2A52EA}.Release|Any CPU.ActiveCfg = Release|Any CPU
		{18E66152-DC38-4C23-AB58-C4B05A2A52EA}.Release|Any CPU.Build.0 = Release|Any CPU
		{BCF7929D-2CDB-4283-ABCD-ADAB26699C09}.Debug|Any CPU.ActiveCfg = Debug|Any CPU
		{BCF7929D-2CDB-4283-ABCD-ADAB26699C09}.Debug|Any CPU.Build.0 = Debug|Any CPU
		{BCF7929D-2CDB-4283-ABCD-ADAB26699C09}.Release|Any CPU.ActiveCfg = Release|Any CPU
		{BCF7929D-2CDB-4283-ABCD-ADAB26699C09}.Release|Any CPU.Build.0 = Release|Any CPU
		{2F995281-1C4B-4794-A606-E82775DCE1E6}.Debug|Any CPU.ActiveCfg = Debug|Any CPU
		{2F995281-1C4B-4794-A606-E82775DCE1E6}.Debug|Any CPU.Build.0 = Debug|Any CPU
		{2F995281-1C4B-4794-A606-E82775DCE1E6}.Release|Any CPU.ActiveCfg = Release|Any CPU
		{2F995281-1C4B-4794-A606-E82775DCE1E6}.Release|Any CPU.Build.0 = Release|Any CPU
		{9B893D12-ED3D-4F5B-A5AF-F4FE4394074E}.Debug|Any CPU.ActiveCfg = Debug|Any CPU
		{9B893D12-ED3D-4F5B-A5AF-F4FE4394074E}.Debug|Any CPU.Build.0 = Debug|Any CPU
		{9B893D12-ED3D-4F5B-A5AF-F4FE4394074E}.Release|Any CPU.ActiveCfg = Release|Any CPU
		{9B893D12-ED3D-4F5B-A5AF-F4FE4394074E}.Release|Any CPU.Build.0 = Release|Any CPU
		{9467B3C9-6F2B-408A-9727-084A3B7CD09A}.Debug|Any CPU.ActiveCfg = Debug|Any CPU
		{9467B3C9-6F2B-408A-9727-084A3B7CD09A}.Debug|Any CPU.Build.0 = Debug|Any CPU
		{9467B3C9-6F2B-408A-9727-084A3B7CD09A}.Release|Any CPU.ActiveCfg = Release|Any CPU
		{9467B3C9-6F2B-408A-9727-084A3B7CD09A}.Release|Any CPU.Build.0 = Release|Any CPU
		{6AE593BA-4F7F-47B4-A0B3-B75EDAAA7821}.Debug|Any CPU.ActiveCfg = Debug|Any CPU
		{6AE593BA-4F7F-47B4-A0B3-B75EDAAA7821}.Debug|Any CPU.Build.0 = Debug|Any CPU
		{6AE593BA-4F7F-47B4-A0B3-B75EDAAA7821}.Release|Any CPU.ActiveCfg = Release|Any CPU
		{6AE593BA-4F7F-47B4-A0B3-B75EDAAA7821}.Release|Any CPU.Build.0 = Release|Any CPU
		{490DE8F2-E679-4A50-9BE2-25679E68A611}.Debug|Any CPU.ActiveCfg = Debug|Any CPU
		{490DE8F2-E679-4A50-9BE2-25679E68A611}.Debug|Any CPU.Build.0 = Debug|Any CPU
		{490DE8F2-E679-4A50-9BE2-25679E68A611}.Release|Any CPU.ActiveCfg = Release|Any CPU
		{490DE8F2-E679-4A50-9BE2-25679E68A611}.Release|Any CPU.Build.0 = Release|Any CPU
		{1F7B7EDF-29DB-4611-8F0D-BFDE57E85B34}.Debug|Any CPU.ActiveCfg = Debug|Any CPU
		{1F7B7EDF-29DB-4611-8F0D-BFDE57E85B34}.Debug|Any CPU.Build.0 = Debug|Any CPU
		{1F7B7EDF-29DB-4611-8F0D-BFDE57E85B34}.Release|Any CPU.ActiveCfg = Release|Any CPU
		{1F7B7EDF-29DB-4611-8F0D-BFDE57E85B34}.Release|Any CPU.Build.0 = Release|Any CPU
		{5F7B4E98-4678-40ED-B05B-3B4204C31578}.Debug|Any CPU.ActiveCfg = Debug|Any CPU
		{5F7B4E98-4678-40ED-B05B-3B4204C31578}.Debug|Any CPU.Build.0 = Debug|Any CPU
		{5F7B4E98-4678-40ED-B05B-3B4204C31578}.Release|Any CPU.ActiveCfg = Release|Any CPU
		{5F7B4E98-4678-40ED-B05B-3B4204C31578}.Release|Any CPU.Build.0 = Release|Any CPU
		{DC0C9954-B044-45B5-BC96-0AD408FDA62D}.Debug|Any CPU.ActiveCfg = Debug|Any CPU
		{DC0C9954-B044-45B5-BC96-0AD408FDA62D}.Debug|Any CPU.Build.0 = Debug|Any CPU
		{DC0C9954-B044-45B5-BC96-0AD408FDA62D}.Release|Any CPU.ActiveCfg = Release|Any CPU
		{DC0C9954-B044-45B5-BC96-0AD408FDA62D}.Release|Any CPU.Build.0 = Release|Any CPU
		{E0E29891-FBEC-4ACE-A740-5323D0DC49A8}.Debug|Any CPU.ActiveCfg = Debug|Any CPU
		{E0E29891-FBEC-4ACE-A740-5323D0DC49A8}.Debug|Any CPU.Build.0 = Debug|Any CPU
		{E0E29891-FBEC-4ACE-A740-5323D0DC49A8}.Release|Any CPU.ActiveCfg = Release|Any CPU
		{E0E29891-FBEC-4ACE-A740-5323D0DC49A8}.Release|Any CPU.Build.0 = Release|Any CPU
		{4C66AD5F-D77E-4C2A-8BAE-8A6AEC71E68A}.Debug|Any CPU.ActiveCfg = Debug|Any CPU
		{4C66AD5F-D77E-4C2A-8BAE-8A6AEC71E68A}.Debug|Any CPU.Build.0 = Debug|Any CPU
		{4C66AD5F-D77E-4C2A-8BAE-8A6AEC71E68A}.Release|Any CPU.ActiveCfg = Release|Any CPU
		{4C66AD5F-D77E-4C2A-8BAE-8A6AEC71E68A}.Release|Any CPU.Build.0 = Release|Any CPU
		{BBFD06E4-5FF8-41E1-8455-EAC7D9A9084C}.Debug|Any CPU.ActiveCfg = Debug|Any CPU
		{BBFD06E4-5FF8-41E1-8455-EAC7D9A9084C}.Debug|Any CPU.Build.0 = Debug|Any CPU
		{BBFD06E4-5FF8-41E1-8455-EAC7D9A9084C}.Release|Any CPU.ActiveCfg = Release|Any CPU
		{BBFD06E4-5FF8-41E1-8455-EAC7D9A9084C}.Release|Any CPU.Build.0 = Release|Any CPU
		{C849E92E-D877-4643-A090-D5F7787FCD8B}.Debug|Any CPU.ActiveCfg = Debug|Any CPU
		{C849E92E-D877-4643-A090-D5F7787FCD8B}.Debug|Any CPU.Build.0 = Debug|Any CPU
		{C849E92E-D877-4643-A090-D5F7787FCD8B}.Release|Any CPU.ActiveCfg = Release|Any CPU
		{C849E92E-D877-4643-A090-D5F7787FCD8B}.Release|Any CPU.Build.0 = Release|Any CPU
		{6CB352AA-1939-4511-9DDA-407CF1F7F0DE}.Debug|Any CPU.ActiveCfg = Debug|Any CPU
		{6CB352AA-1939-4511-9DDA-407CF1F7F0DE}.Debug|Any CPU.Build.0 = Debug|Any CPU
		{6CB352AA-1939-4511-9DDA-407CF1F7F0DE}.Release|Any CPU.ActiveCfg = Release|Any CPU
		{6CB352AA-1939-4511-9DDA-407CF1F7F0DE}.Release|Any CPU.Build.0 = Release|Any CPU
		{58D1E7BC-4E0A-4EDA-B650-AD73FF64E359}.Debug|Any CPU.ActiveCfg = Debug|Any CPU
		{58D1E7BC-4E0A-4EDA-B650-AD73FF64E359}.Debug|Any CPU.Build.0 = Debug|Any CPU
		{58D1E7BC-4E0A-4EDA-B650-AD73FF64E359}.Release|Any CPU.ActiveCfg = Release|Any CPU
		{58D1E7BC-4E0A-4EDA-B650-AD73FF64E359}.Release|Any CPU.Build.0 = Release|Any CPU
		{28FFD600-AFD2-48DF-9267-9C32F52CBE66}.Debug|Any CPU.ActiveCfg = Debug|Any CPU
		{28FFD600-AFD2-48DF-9267-9C32F52CBE66}.Debug|Any CPU.Build.0 = Debug|Any CPU
		{28FFD600-AFD2-48DF-9267-9C32F52CBE66}.Release|Any CPU.ActiveCfg = Release|Any CPU
		{28FFD600-AFD2-48DF-9267-9C32F52CBE66}.Release|Any CPU.Build.0 = Release|Any CPU
		{7879D158-5910-453F-95C1-9186F7F7D70D}.Debug|Any CPU.ActiveCfg = Debug|Any CPU
		{7879D158-5910-453F-95C1-9186F7F7D70D}.Debug|Any CPU.Build.0 = Debug|Any CPU
		{7879D158-5910-453F-95C1-9186F7F7D70D}.Release|Any CPU.ActiveCfg = Release|Any CPU
		{7879D158-5910-453F-95C1-9186F7F7D70D}.Release|Any CPU.Build.0 = Release|Any CPU
		{1E4FB100-C8B9-4A61-AD57-8399CD1FB43E}.Debug|Any CPU.ActiveCfg = Debug|Any CPU
		{1E4FB100-C8B9-4A61-AD57-8399CD1FB43E}.Debug|Any CPU.Build.0 = Debug|Any CPU
		{1E4FB100-C8B9-4A61-AD57-8399CD1FB43E}.Release|Any CPU.ActiveCfg = Release|Any CPU
		{1E4FB100-C8B9-4A61-AD57-8399CD1FB43E}.Release|Any CPU.Build.0 = Release|Any CPU
		{79E67F55-4998-465A-B4E8-E3E6EAF09B3F}.Debug|Any CPU.ActiveCfg = Debug|Any CPU
		{79E67F55-4998-465A-B4E8-E3E6EAF09B3F}.Debug|Any CPU.Build.0 = Debug|Any CPU
		{79E67F55-4998-465A-B4E8-E3E6EAF09B3F}.Release|Any CPU.ActiveCfg = Release|Any CPU
		{79E67F55-4998-465A-B4E8-E3E6EAF09B3F}.Release|Any CPU.Build.0 = Release|Any CPU
		{50685F08-C730-44BB-9FB8-E4449C31077D}.Debug|Any CPU.ActiveCfg = Debug|Any CPU
		{50685F08-C730-44BB-9FB8-E4449C31077D}.Debug|Any CPU.Build.0 = Debug|Any CPU
		{50685F08-C730-44BB-9FB8-E4449C31077D}.Release|Any CPU.ActiveCfg = Release|Any CPU
		{50685F08-C730-44BB-9FB8-E4449C31077D}.Release|Any CPU.Build.0 = Release|Any CPU
		{4AA7453D-B409-4ADA-A03F-39FFA4251C7C}.Debug|Any CPU.ActiveCfg = Debug|Any CPU
		{4AA7453D-B409-4ADA-A03F-39FFA4251C7C}.Debug|Any CPU.Build.0 = Debug|Any CPU
		{4AA7453D-B409-4ADA-A03F-39FFA4251C7C}.Release|Any CPU.ActiveCfg = Release|Any CPU
		{4AA7453D-B409-4ADA-A03F-39FFA4251C7C}.Release|Any CPU.Build.0 = Release|Any CPU
		{19CCF3B6-BB3F-4AAA-8D15-91E5442E7B39}.Debug|Any CPU.ActiveCfg = Debug|Any CPU
		{19CCF3B6-BB3F-4AAA-8D15-91E5442E7B39}.Debug|Any CPU.Build.0 = Debug|Any CPU
		{19CCF3B6-BB3F-4AAA-8D15-91E5442E7B39}.Release|Any CPU.ActiveCfg = Release|Any CPU
		{19CCF3B6-BB3F-4AAA-8D15-91E5442E7B39}.Release|Any CPU.Build.0 = Release|Any CPU
		{EC3717A0-9634-4381-B6E8-604D62C76A2C}.Debug|Any CPU.ActiveCfg = Debug|Any CPU
		{EC3717A0-9634-4381-B6E8-604D62C76A2C}.Debug|Any CPU.Build.0 = Debug|Any CPU
		{EC3717A0-9634-4381-B6E8-604D62C76A2C}.Release|Any CPU.ActiveCfg = Release|Any CPU
		{EC3717A0-9634-4381-B6E8-604D62C76A2C}.Release|Any CPU.Build.0 = Release|Any CPU
		{29EBD914-49A2-40B6-8511-B168D0B17B93}.Debug|Any CPU.ActiveCfg = Debug|Any CPU
		{29EBD914-49A2-40B6-8511-B168D0B17B93}.Debug|Any CPU.Build.0 = Debug|Any CPU
		{29EBD914-49A2-40B6-8511-B168D0B17B93}.Release|Any CPU.ActiveCfg = Release|Any CPU
		{29EBD914-49A2-40B6-8511-B168D0B17B93}.Release|Any CPU.Build.0 = Release|Any CPU
	EndGlobalSection
	GlobalSection(SolutionProperties) = preSolution
		HideSolutionNode = FALSE
	EndGlobalSection
	GlobalSection(NestedProjects) = preSolution
		{9376DB3D-C6AC-4435-8CBF-EF5792052015} = {827CC724-7F08-4440-AAC9-16CDE1F56247}
		{D286A913-C827-438F-B922-EAB9D3ECBA19} = {9376DB3D-C6AC-4435-8CBF-EF5792052015}
		{B6BA9CE0-5792-4CD0-9DA4-E05E2673685E} = {9376DB3D-C6AC-4435-8CBF-EF5792052015}
		{42C0D7C8-1CF4-492A-97D1-FEF21321431A} = {827CC724-7F08-4440-AAC9-16CDE1F56247}
		{04896531-4A48-4360-BE8E-EAAE85531005} = {42C0D7C8-1CF4-492A-97D1-FEF21321431A}
		{C6A16544-D07B-4BDF-9F9A-A1B07898E82C} = {42C0D7C8-1CF4-492A-97D1-FEF21321431A}
		{BB84AE43-B578-4985-BDB9-2CBF8ACDED02} = {42C0D7C8-1CF4-492A-97D1-FEF21321431A}
		{D4E94F5A-E839-4057-BC1E-62A51ED27122} = {42C0D7C8-1CF4-492A-97D1-FEF21321431A}
		{0617FF23-936F-469E-B473-7BDB35F12D95} = {42C0D7C8-1CF4-492A-97D1-FEF21321431A}
		{B368BDB7-3415-45DD-958F-CBE771D4A1E0} = {42C0D7C8-1CF4-492A-97D1-FEF21321431A}
		{D9FFEBA8-B045-4A52-9D77-DBB7AAB7A024} = {42C0D7C8-1CF4-492A-97D1-FEF21321431A}
		{C4D9DEDF-12F0-4FF0-826D-09A91F0C82AF} = {42C0D7C8-1CF4-492A-97D1-FEF21321431A}
		{52097F72-2AC6-4EEC-A777-DC3BB805809C} = {42C0D7C8-1CF4-492A-97D1-FEF21321431A}
		{3B2DAF4D-B921-4FDD-A750-212A73A4C7F3} = {42C0D7C8-1CF4-492A-97D1-FEF21321431A}
		{6338CBF6-B830-45B8-A8AA-865AF45D39E3} = {42C0D7C8-1CF4-492A-97D1-FEF21321431A}
		{D967382C-D8F8-4849-B130-215F9A702A76} = {62F42B10-941E-4C22-82AB-E943DB4402CA}
		{A3798908-8D4E-4999-BEBF-0007EF69A22C} = {62F42B10-941E-4C22-82AB-E943DB4402CA}
		{D11B81A8-4F10-4AAD-9D90-DB0852D21C48} = {D967382C-D8F8-4849-B130-215F9A702A76}
		{5A09A6FC-976F-41E5-A926-CB7C50B742D7} = {D967382C-D8F8-4849-B130-215F9A702A76}
		{A9A62734-2D16-4DA7-96B2-7A9AA399BD17} = {D967382C-D8F8-4849-B130-215F9A702A76}
		{A774407D-FC53-4E4F-B054-14BFC38A8382} = {D967382C-D8F8-4849-B130-215F9A702A76}
		{846DC0F0-BCBA-442E-9306-65C665CDDD12} = {D967382C-D8F8-4849-B130-215F9A702A76}
		{AEF3B65F-F03A-49E7-A1E0-804B8176770B} = {9376DB3D-C6AC-4435-8CBF-EF5792052015}
		{955A5EBF-EDE3-490A-B71C-6F7EA268B857} = {9376DB3D-C6AC-4435-8CBF-EF5792052015}
		{18E66152-DC38-4C23-AB58-C4B05A2A52EA} = {9376DB3D-C6AC-4435-8CBF-EF5792052015}
		{BCF7929D-2CDB-4283-ABCD-ADAB26699C09} = {9376DB3D-C6AC-4435-8CBF-EF5792052015}
		{2F995281-1C4B-4794-A606-E82775DCE1E6} = {A3798908-8D4E-4999-BEBF-0007EF69A22C}
		{9B893D12-ED3D-4F5B-A5AF-F4FE4394074E} = {A3798908-8D4E-4999-BEBF-0007EF69A22C}
		{9467B3C9-6F2B-408A-9727-084A3B7CD09A} = {A3798908-8D4E-4999-BEBF-0007EF69A22C}
		{6AE593BA-4F7F-47B4-A0B3-B75EDAAA7821} = {A3798908-8D4E-4999-BEBF-0007EF69A22C}
		{490DE8F2-E679-4A50-9BE2-25679E68A611} = {A3798908-8D4E-4999-BEBF-0007EF69A22C}
		{1F7B7EDF-29DB-4611-8F0D-BFDE57E85B34} = {62F42B10-941E-4C22-82AB-E943DB4402CA}
		{42B80275-E823-4A8B-A722-EE9488E53732} = {FFF0828E-6AFA-43D3-A62A-A03654184CB4}
		{23935B36-8D12-4FD4-BFE6-A3D78997BFE7} = {FFF0828E-6AFA-43D3-A62A-A03654184CB4}
		{5F7B4E98-4678-40ED-B05B-3B4204C31578} = {23935B36-8D12-4FD4-BFE6-A3D78997BFE7}
		{DC0C9954-B044-45B5-BC96-0AD408FDA62D} = {23935B36-8D12-4FD4-BFE6-A3D78997BFE7}
		{E0E29891-FBEC-4ACE-A740-5323D0DC49A8} = {42B80275-E823-4A8B-A722-EE9488E53732}
		{4C66AD5F-D77E-4C2A-8BAE-8A6AEC71E68A} = {23935B36-8D12-4FD4-BFE6-A3D78997BFE7}
		{BBFD06E4-5FF8-41E1-8455-EAC7D9A9084C} = {23935B36-8D12-4FD4-BFE6-A3D78997BFE7}
		{C849E92E-D877-4643-A090-D5F7787FCD8B} = {23935B36-8D12-4FD4-BFE6-A3D78997BFE7}
		{6CB352AA-1939-4511-9DDA-407CF1F7F0DE} = {23935B36-8D12-4FD4-BFE6-A3D78997BFE7}
		{58D1E7BC-4E0A-4EDA-B650-AD73FF64E359} = {23935B36-8D12-4FD4-BFE6-A3D78997BFE7}
		{28FFD600-AFD2-48DF-9267-9C32F52CBE66} = {42B80275-E823-4A8B-A722-EE9488E53732}
		{7879D158-5910-453F-95C1-9186F7F7D70D} = {42B80275-E823-4A8B-A722-EE9488E53732}
		{1E4FB100-C8B9-4A61-AD57-8399CD1FB43E} = {42B80275-E823-4A8B-A722-EE9488E53732}
		{79E67F55-4998-465A-B4E8-E3E6EAF09B3F} = {42B80275-E823-4A8B-A722-EE9488E53732}
		{50685F08-C730-44BB-9FB8-E4449C31077D} = {42B80275-E823-4A8B-A722-EE9488E53732}
		{4AA7453D-B409-4ADA-A03F-39FFA4251C7C} = {42B80275-E823-4A8B-A722-EE9488E53732}
		{19CCF3B6-BB3F-4AAA-8D15-91E5442E7B39} = {42B80275-E823-4A8B-A722-EE9488E53732}
		{53C4BF1B-BA5C-4891-BC2F-36ECD6572FA7} = {307BDB6C-77D5-4211-9114-FD0F32D8D974}
		{0F3B81C2-CD3F-4794-B278-CFB26A0CF4AF} = {307BDB6C-77D5-4211-9114-FD0F32D8D974}
		{EC3717A0-9634-4381-B6E8-604D62C76A2C} = {0F3B81C2-CD3F-4794-B278-CFB26A0CF4AF}
		{29EBD914-49A2-40B6-8511-B168D0B17B93} = {53C4BF1B-BA5C-4891-BC2F-36ECD6572FA7}
	EndGlobalSection
	GlobalSection(ExtensibilityGlobals) = postSolution
		SolutionGuid = {84A776AD-5CD1-4264-96E1-055F2EE0A432}
	EndGlobalSection
EndGlobal
